
Microsoft Visual Studio Solution File, Format Version 12.00
# Visual Studio Version 16
VisualStudioVersion = 16.0.29306.81
MinimumVisualStudioVersion = 10.0.40219.1
Project("{FAE04EC0-301F-11D3-BF4B-00C04F79EFBC}") = "PAP", "PAP.csproj", "{372B2926-0EFA-4A54-9233-93079748132E}"
EndProject
Global
	GlobalSection(SolutionConfigurationPlatforms) = preSolution
		Debug|Any CPU = Debug|Any CPU
		Release|Any CPU = Release|Any CPU
	EndGlobalSection
	GlobalSection(ProjectConfigurationPlatforms) = postSolution
		{372B2926-0EFA-4A54-9233-93079748132E}.Debug|Any CPU.ActiveCfg = Debug|Any CPU
		{372B2926-0EFA-4A54-9233-93079748132E}.Debug|Any CPU.Build.0 = Debug|Any CPU
		{372B2926-0EFA-4A54-9233-93079748132E}.Release|Any CPU.ActiveCfg = Release|Any CPU
		{372B2926-0EFA-4A54-9233-93079748132E}.Release|Any CPU.Build.0 = Release|Any CPU
	EndGlobalSection
	GlobalSection(SolutionProperties) = preSolution
		HideSolutionNode = FALSE
	EndGlobalSection
	GlobalSection(ExtensibilityGlobals) = postSolution
		SolutionGuid = {C343C58E-74C7-42E4-A81F-998FFDEB72FE}
	EndGlobalSection
EndGlobal
